Microsoft Visual Studio Solution File, Format Version 12.00
# Visual Studio 16
Project("{8BC9CEB8-8B4A-11D0-8D11-00A0C91BC942}") = "ALL_BUILD", "ALL_BUILD.vcxproj", "{E0A61DF5-CD1C-3924-AD01-56B7CA11D7E7}"
	ProjectSection(ProjectDependencies) = postProject
		{E486359B-7054-3F9D-954D-7CDE66A3C5D4} = {E486359B-7054-3F9D-954D-7CDE66A3C5D4}
		{05BEF5C8-7B95-345B-AC1B-A1DC011A6678} = {05BEF5C8-7B95-345B-AC1B-A1DC011A6678}
		{37BE4E7B-0635-3921-9C75-5A0F04DCFD59} = {37BE4E7B-0635-3921-9C75-5A0F04DCFD59}
		{0D0A4518-27D1-372A-85FF-115897809A2A} = {0D0A4518-27D1-372A-85FF-115897809A2A}
		{CB9DF629-D54F-327B-A8C5-6F16A096B0D7} = {CB9DF629-D54F-327B-A8C5-6F16A096B0D7}
		{88A3B57D-54FF-314B-9433-973E42FFC58D} = {88A3B57D-54FF-314B-9433-973E42FFC58D}
		{B29F890C-1BE9-3761-8FC3-7FE20CA57CCB} = {B29F890C-1BE9-3761-8FC3-7FE20CA57CCB}
		{51EFDB5F-F0B4-3792-8B5A-358DEBA6C247} = {51EFDB5F-F0B4-3792-8B5A-358DEBA6C247}
		{1460F6D5-A658-39B0-A833-B458D9C5FBB4} = {1460F6D5-A658-39B0-A833-B458D9C5FBB4}
	EndProjectSection
EndProject
Project("{8BC9CEB8-8B4A-11D0-8D11-00A0C91BC942}") = "OscDump", "OscDump.vcxproj", "{E486359B-7054-3F9D-954D-7CDE66A3C5D4}"
	ProjectSection(ProjectDependencies) = postProject
		{51EFDB5F-F0B4-3792-8B5A-358DEBA6C247} = {51EFDB5F-F0B4-3792-8B5A-358DEBA6C247}
		{1460F6D5-A658-39B0-A833-B458D9C5FBB4} = {1460F6D5-A658-39B0-A833-B458D9C5FBB4}
	EndProjectSection
EndProject
Project("{8BC9CEB8-8B4A-11D0-8D11-00A0C91BC942}") = "OscReceiveTest", "OscReceiveTest.vcxproj", "{05BEF5C8-7B95-345B-AC1B-A1DC011A6678}"
	ProjectSection(ProjectDependencies) = postProject
		{51EFDB5F-F0B4-3792-8B5A-358DEBA6C247} = {51EFDB5F-F0B4-3792-8B5A-358DEBA6C247}
		{1460F6D5-A658-39B0-A833-B458D9C5FBB4} = {1460F6D5-A658-39B0-A833-B458D9C5FBB4}
	EndProjectSection
EndProject
Project("{8BC9CEB8-8B4A-11D0-8D11-00A0C91BC942}") = "OscSendTests", "OscSendTests.vcxproj", "{37BE4E7B-0635-3921-9C75-5A0F04DCFD59}"
	ProjectSection(ProjectDependencies) = postProject
		{51EFDB5F-F0B4-3792-8B5A-358DEBA6C247} = {51EFDB5F-F0B4-3792-8B5A-358DEBA6C247}
		{1460F6D5-A658-39B0-A833-B458D9C5FBB4} = {1460F6D5-A658-39B0-A833-B458D9C5FBB4}
	EndProjectSection
EndProject
Project("{8BC9CEB8-8B4A-11D0-8D11-00A0C91BC942}") = "OscUnitTests", "OscUnitTests.vcxproj", "{0D0A4518-27D1-372A-85FF-115897809A2A}"
	ProjectSection(ProjectDependencies) = postProject
		{51EFDB5F-F0B4-3792-8B5A-358DEBA6C247} = {51EFDB5F-F0B4-3792-8B5A-358DEBA6C247}
		{1460F6D5-A658-39B0-A833-B458D9C5FBB4} = {1460F6D5-A658-39B0-A833-B458D9C5FBB4}
	EndProjectSection
EndProject
Project("{8BC9CEB8-8B4A-11D0-8D11-00A0C91BC942}") = "SimpleReceive", "SimpleReceive.vcxproj", "{CB9DF629-D54F-327B-A8C5-6F16A096B0D7}"
	ProjectSection(ProjectDependencies) = postProject
		{51EFDB5F-F0B4-3792-8B5A-358DEBA6C247} = {51EFDB5F-F0B4-3792-8B5A-358DEBA6C247}
		{1460F6D5-A658-39B0-A833-B458D9C5FBB4} = {1460F6D5-A658-39B0-A833-B458D9C5FBB4}
	EndProjectSection
EndProject
Project("{8BC9CEB8-8B4A-11D0-8D11-00A0C91BC942}") = "SimpleSend", "SimpleSend.vcxproj", "{88A3B57D-54FF-314B-9433-973E42FFC58D}"
	ProjectSection(ProjectDependencies) = postProject
		{51EFDB5F-F0B4-3792-8B5A-358DEBA6C247} = {51EFDB5F-F0B4-3792-8B5A-358DEBA6C247}
		{1460F6D5-A658-39B0-A833-B458D9C5FBB4} = {1460F6D5-A658-39B0-A833-B458D9C5FBB4}
	EndProjectSection
EndProject
Project("{8BC9CEB8-8B4A-11D0-8D11-00A0C91BC942}") = "ZED_Positional_Tracking", "ZED_Positional_Tracking.vcxproj", "{B29F890C-1BE9-3761-8FC3-7FE20CA57CCB}"
	ProjectSection(ProjectDependencies) = postProject
		{51EFDB5F-F0B4-3792-8B5A-358DEBA6C247} = {51EFDB5F-F0B4-3792-8B5A-358DEBA6C247}
	EndProjectSection
EndProject
Project("{8BC9CEB8-8B4A-11D0-8D11-00A0C91BC942}") = "ZERO_CHECK", "ZERO_CHECK.vcxproj", "{51EFDB5F-F0B4-3792-8B5A-358DEBA6C247}"
	ProjectSection(ProjectDependencies) = postProject
	EndProjectSection
EndProject
Project("{8BC9CEB8-8B4A-11D0-8D11-00A0C91BC942}") = "oscpack", "oscpack.vcxproj", "{1460F6D5-A658-39B0-A833-B458D9C5FBB4}"
	ProjectSection(ProjectDependencies) = postProject
		{51EFDB5F-F0B4-3792-8B5A-358DEBA6C247} = {51EFDB5F-F0B4-3792-8B5A-358DEBA6C247}
	EndProjectSection
EndProject
Global
	GlobalSection(SolutionConfigurationPlatforms) = preSolution
		Debug|x64 = Debug|x64
		Release|x64 = Release|x64
		MinSizeRel|x64 = MinSizeRel|x64
		RelWithDebInfo|x64 = RelWithDebInfo|x64
	EndGlobalSection
	GlobalSection(ProjectConfigurationPlatforms) = postSolution
		{E0A61DF5-CD1C-3924-AD01-56B7CA11D7E7}.Debug|x64.ActiveCfg = Debug|x64
		{E0A61DF5-CD1C-3924-AD01-56B7CA11D7E7}.Release|x64.ActiveCfg = Release|x64
		{E0A61DF5-CD1C-3924-AD01-56B7CA11D7E7}.MinSizeRel|x64.ActiveCfg = MinSizeRel|x64
		{E0A61DF5-CD1C-3924-AD01-56B7CA11D7E7}.RelWithDebInfo|x64.ActiveCfg = RelWithDebInfo|x64
		{E486359B-7054-3F9D-954D-7CDE66A3C5D4}.Debug|x64.ActiveCfg = Debug|x64
		{E486359B-7054-3F9D-954D-7CDE66A3C5D4}.Debug|x64.Build.0 = Debug|x64
		{E486359B-7054-3F9D-954D-7CDE66A3C5D4}.Release|x64.ActiveCfg = Release|x64
		{E486359B-7054-3F9D-954D-7CDE66A3C5D4}.Release|x64.Build.0 = Release|x64
		{E486359B-7054-3F9D-954D-7CDE66A3C5D4}.MinSizeRel|x64.ActiveCfg = MinSizeRel|x64
		{E486359B-7054-3F9D-954D-7CDE66A3C5D4}.MinSizeRel|x64.Build.0 = MinSizeRel|x64
		{E486359B-7054-3F9D-954D-7CDE66A3C5D4}.RelWithDebInfo|x64.ActiveCfg = RelWithDebInfo|x64
		{E486359B-7054-3F9D-954D-7CDE66A3C5D4}.RelWithDebInfo|x64.Build.0 = RelWithDebInfo|x64
		{05BEF5C8-7B95-345B-AC1B-A1DC011A6678}.Debug|x64.ActiveCfg = Debug|x64
		{05BEF5C8-7B95-345B-AC1B-A1DC011A6678}.Debug|x64.Build.0 = Debug|x64
		{05BEF5C8-7B95-345B-AC1B-A1DC011A6678}.Release|x64.ActiveCfg = Release|x64
		{05BEF5C8-7B95-345B-AC1B-A1DC011A6678}.Release|x64.Build.0 = Release|x64
		{05BEF5C8-7B95-345B-AC1B-A1DC011A6678}.MinSizeRel|x64.ActiveCfg = MinSizeRel|x64
		{05BEF5C8-7B95-345B-AC1B-A1DC011A6678}.MinSizeRel|x64.Build.0 = MinSizeRel|x64
		{05BEF5C8-7B95-345B-AC1B-A1DC011A6678}.RelWithDebInfo|x64.ActiveCfg = RelWithDebInfo|x64
		{05BEF5C8-7B95-345B-AC1B-A1DC011A6678}.RelWithDebInfo|x64.Build.0 = RelWithDebInfo|x64
		{37BE4E7B-0635-3921-9C75-5A0F04DCFD59}.Debug|x64.ActiveCfg = Debug|x64
		{37BE4E7B-0635-3921-9C75-5A0F04DCFD59}.Debug|x64.Build.0 = Debug|x64
		{37BE4E7B-0635-3921-9C75-5A0F04DCFD59}.Release|x64.ActiveCfg = Release|x64
		{37BE4E7B-0635-3921-9C75-5A0F04DCFD59}.Release|x64.Build.0 = Release|x64
		{37BE4E7B-0635-3921-9C75-5A0F04DCFD59}.MinSizeRel|x64.ActiveCfg = MinSizeRel|x64
		{37BE4E7B-0635-3921-9C75-5A0F04DCFD59}.MinSizeRel|x64.Build.0 = MinSizeRel|x64
		{37BE4E7B-0635-3921-9C75-5A0F04DCFD59}.RelWithDebInfo|x64.ActiveCfg = RelWithDebInfo|x64
		{37BE4E7B-0635-3921-9C75-5A0F04DCFD59}.RelWithDebInfo|x64.Build.0 = RelWithDebInfo|x64
		{0D0A4518-27D1-372A-85FF-115897809A2A}.Debug|x64.ActiveCfg = Debug|x64
		{0D0A4518-27D1-372A-85FF-115897809A2A}.Debug|x64.Build.0 = Debug|x64
		{0D0A4518-27D1-372A-85FF-115897809A2A}.Release|x64.ActiveCfg = Release|x64
		{0D0A4518-27D1-372A-85FF-115897809A2A}.Release|x64.Build.0 = Release|x64
		{0D0A4518-27D1-372A-85FF-115897809A2A}.MinSizeRel|x64.ActiveCfg = MinSizeRel|x64
		{0D0A4518-27D1-372A-85FF-115897809A2A}.MinSizeRel|x64.Build.0 = MinSizeRel|x64
		{0D0A4518-27D1-372A-85FF-115897809A2A}.RelWithDebInfo|x64.ActiveCfg = RelWithDebInfo|x64
		{0D0A4518-27D1-372A-85FF-115897809A2A}.RelWithDebInfo|x64.Build.0 = RelWithDebInfo|x64
		{CB9DF629-D54F-327B-A8C5-6F16A096B0D7}.Debug|x64.ActiveCfg = Debug|x64
		{CB9DF629-D54F-327B-A8C5-6F16A096B0D7}.Debug|x64.Build.0 = Debug|x64
		{CB9DF629-D54F-327B-A8C5-6F16A096B0D7}.Release|x64.ActiveCfg = Release|x64
		{CB9DF629-D54F-327B-A8C5-6F16A096B0D7}.Release|x64.Build.0 = Release|x64
		{CB9DF629-D54F-327B-A8C5-6F16A096B0D7}.MinSizeRel|x64.ActiveCfg = MinSizeRel|x64
		{CB9DF629-D54F-327B-A8C5-6F16A096B0D7}.MinSizeRel|x64.Build.0 = MinSizeRel|x64
		{CB9DF629-D54F-327B-A8C5-6F16A096B0D7}.RelWithDebInfo|x64.ActiveCfg = RelWithDebInfo|x64
		{CB9DF629-D54F-327B-A8C5-6F16A096B0D7}.RelWithDebInfo|x64.Build.0 = RelWithDebInfo|x64
		{88A3B57D-54FF-314B-9433-973E42FFC58D}.Debug|x64.ActiveCfg = Debug|x64
		{88A3B57D-54FF-314B-9433-973E42FFC58D}.Debug|x64.Build.0 = Debug|x64
		{88A3B57D-54FF-314B-9433-973E42FFC58D}.Release|x64.ActiveCfg = Release|x64
		{88A3B57D-54FF-314B-9433-973E42FFC58D}.Release|x64.Build.0 = Release|x64
		{88A3B57D-54FF-314B-9433-973E42FFC58D}.MinSizeRel|x64.ActiveCfg = MinSizeRel|x64
		{88A3B57D-54FF-314B-9433-973E42FFC58D}.MinSizeRel|x64.Build.0 = MinSizeRel|x64
		{88A3B57D-54FF-314B-9433-973E42FFC58D}.RelWithDebInfo|x64.ActiveCfg = RelWithDebInfo|x64
		{88A3B57D-54FF-314B-9433-973E42FFC58D}.RelWithDebInfo|x64.Build.0 = RelWithDebInfo|x64
		{B29F890C-1BE9-3761-8FC3-7FE20CA57CCB}.Debug|x64.ActiveCfg = Debug|x64
		{B29F890C-1BE9-3761-8FC3-7FE20CA57CCB}.Debug|x64.Build.0 = Debug|x64
		{B29F890C-1BE9-3761-8FC3-7FE20CA57CCB}.Release|x64.ActiveCfg = Release|x64
		{B29F890C-1BE9-3761-8FC3-7FE20CA57CCB}.Release|x64.Build.0 = Release|x64
		{B29F890C-1BE9-3761-8FC3-7FE20CA57CCB}.MinSizeRel|x64.ActiveCfg = MinSizeRel|x64
		{B29F890C-1BE9-3761-8FC3-7FE20CA57CCB}.MinSizeRel|x64.Build.0 = MinSizeRel|x64
		{B29F890C-1BE9-3761-8FC3-7FE20CA57CCB}.RelWithDebInfo|x64.ActiveCfg = RelWithDebInfo|x64
		{B29F890C-1BE9-3761-8FC3-7FE20CA57CCB}.RelWithDebInfo|x64.Build.0 = RelWithDebInfo|x64
		{51EFDB5F-F0B4-3792-8B5A-358DEBA6C247}.Debug|x64.ActiveCfg = Debug|x64
		{51EFDB5F-F0B4-3792-8B5A-358DEBA6C247}.Debug|x64.Build.0 = Debug|x64
		{51EFDB5F-F0B4-3792-8B5A-358DEBA6C247}.Release|x64.ActiveCfg = Release|x64
		{51EFDB5F-F0B4-3792-8B5A-358DEBA6C247}.Release|x64.Build.0 = Release|x64
		{51EFDB5F-F0B4-3792-8B5A-358DEBA6C247}.MinSizeRel|x64.ActiveCfg = MinSizeRel|x64
		{51EFDB5F-F0B4-3792-8B5A-358DEBA6C247}.MinSizeRel|x64.Build.0 = MinSizeRel|x64
		{51EFDB5F-F0B4-3792-8B5A-358DEBA6C247}.RelWithDebInfo|x64.ActiveCfg = RelWithDebInfo|x64
		{51EFDB5F-F0B4-3792-8B5A-358DEBA6C247}.RelWithDebInfo|x64.Build.0 = RelWithDebInfo|x64
		{1460F6D5-A658-39B0-A833-B458D9C5FBB4}.Debug|x64.ActiveCfg = Debug|x64
		{1460F6D5-A658-39B0-A833-B458D9C5FBB4}.Debug|x64.Build.0 = Debug|x64
		{1460F6D5-A658-39B0-A833-B458D9C5FBB4}.Release|x64.ActiveCfg = Release|x64
		{1460F6D5-A658-39B0-A833-B458D9C5FBB4}.Release|x64.Build.0 = Release|x64
		{1460F6D5-A658-39B0-A833-B458D9C5FBB4}.MinSizeRel|x64.ActiveCfg = MinSizeRel|x64
		{1460F6D5-A658-39B0-A833-B458D9C5FBB4}.MinSizeRel|x64.Build.0 = MinSizeRel|x64
		{1460F6D5-A658-39B0-A833-B458D9C5FBB4}.RelWithDebInfo|x64.ActiveCfg = RelWithDebInfo|x64
		{1460F6D5-A658-39B0-A833-B458D9C5FBB4}.RelWithDebInfo|x64.Build.0 = RelWithDebInfo|x64
	EndGlobalSection
	GlobalSection(ExtensibilityGlobals) = postSolution
		SolutionGuid = {01BCFCCB-0652-3585-8DA4-4D23F9288CC9}
	EndGlobalSection
	GlobalSection(ExtensibilityAddIns) = postSolution
	EndGlobalSection
EndGlobal
